// !$*UTF8*$!
{
	archiveVersion = 1;
	classes = {
	};
	objectVersion = 48;
	objects = {

/* Begin PBXBuildFile section */
		592A58CA200766A8002FDBDF /* ObservablesAndSubjectsViewController.swift in Sources */ = {isa = PBXBuildFile; fileRef = 592A58C8200766A8002FDBDF /* ObservablesAndSubjectsViewController.swift */; };
		592A58CB200766A8002FDBDF /* ObservablesAndSubjectsViewController.xib in Resources */ = {isa = PBXBuildFile; fileRef = 592A58C9200766A8002FDBDF /* ObservablesAndSubjectsViewController.xib */; };
		592A58CE20076849002FDBDF /* FSMainTableViewController.swift in Sources */ = {isa = PBXBuildFile; fileRef = 592A58CC20076849002FDBDF /* FSMainTableViewController.swift */; };
		592A58CF20076849002FDBDF /* FSMainTableViewController.xib in Resources */ = {isa = PBXBuildFile; fileRef = 592A58CD20076849002FDBDF /* FSMainTableViewController.xib */; };
		597981E21FFCCB4600848A49 /* AppDelegate.swift in Sources */ = {isa = PBXBuildFile; fileRef = 597981E11FFCCB4600848A49 /* AppDelegate.swift */; };
		597981E91FFCCB4600848A49 /* Assets.xcassets in Resources */ = {isa = PBXBuildFile; fileRef = 597981E81FFCCB4600848A49 /* Assets.xcassets */; };
		597981EC1FFCCB4600848A49 /* LaunchScreen.storyboard in Resources */ = {isa = PBXBuildFile; fileRef = 597981EA1FFCCB4600848A49 /* LaunchScreen.storyboard */; };
		597981F71FFCCB4600848A49 /* RxSwift_PlaygroundTests.swift in Sources */ = {isa = PBXBuildFile; fileRef = 597981F61FFCCB4600848A49 /* RxSwift_PlaygroundTests.swift */; };
		597982021FFCCB4600848A49 /* RxSwift_PlaygroundUITests.swift in Sources */ = {isa = PBXBuildFile; fileRef = 597982011FFCCB4600848A49 /* RxSwift_PlaygroundUITests.swift */; };
		597982101FFCCE9400848A49 /* FSUtils.swift in Sources */ = {isa = PBXBuildFile; fileRef = 5979820F1FFCCE9400848A49 /* FSUtils.swift */; };
		5BB0977258B68DC8BE009BAD /* Pods_RxSwift_PlaygroundTests.framework in Frameworks */ = {isa = PBXBuildFile; fileRef = E06C3EA9923636EB3191B4FC /* Pods_RxSwift_PlaygroundTests.framework */; };
		689CCBBED3AE2306512A005D /* Pods_RxSwift_PlaygroundUITests.framework in Frameworks */ = {isa = PBXBuildFile; fileRef = DB1FC53046E894CE7F08354E /* Pods_RxSwift_PlaygroundUITests.framework */; };
		F5C5DE6E69667BE6E6497BA5 /* Pods_RxSwift_Playground.framework in Frameworks */ = {isa = PBXBuildFile; fileRef = B1B85DC33B0E4DD80F020FDE /* Pods_RxSwift_Playground.framework */; };
/* End PBXBuildFile section */

/* Begin PBXContainerItemProxy section */
		597981F31FFCCB4600848A49 /* PBXContainerItemProxy */ = {
			isa = PBXContainerItemProxy;
			containerPortal = 597981D61FFCCB4600848A49 /* Project object */;
			proxyType = 1;
			remoteGlobalIDString = 597981DD1FFCCB4600848A49;
			remoteInfo = "RxSwift-Playground";
		};
		597981FE1FFCCB4600848A49 /* PBXContainerItemProxy */ = {
			isa = PBXContainerItemProxy;
			containerPortal = 597981D61FFCCB4600848A49 /* Project object */;
			proxyType = 1;
			remoteGlobalIDString = 597981DD1FFCCB4600848A49;
			remoteInfo = "RxSwift-Playground";
		};
/* End PBXContainerItemProxy section */

/* Begin PBXFileReference section */
		49F80D963CB9FCB09560732B /* Pods-RxSwift-PlaygroundTests.release.xcconfig */ = {isa = PBXFileReference; includeInIndex = 1; lastKnownFileType = text.xcconfig; name = "Pods-RxSwift-PlaygroundTests.release.xcconfig"; path = "Pods/Target Support Files/Pods-RxSwift-PlaygroundTests/Pods-RxSwift-PlaygroundTests.release.xcconfig"; sourceTree = "<group>"; };
		592A58C8200766A8002FDBDF /* ObservablesAndSubjectsViewController.swift */ = {isa = PBXFileReference; lastKnownFileType = sourcecode.swift; path = ObservablesAndSubjectsViewController.swift; sourceTree = "<group>"; };
		592A58C9200766A8002FDBDF /* ObservablesAndSubjectsViewController.xib */ = {isa = PBXFileReference; lastKnownFileType = file.xib; path = ObservablesAndSubjectsViewController.xib; sourceTree = "<group>"; };
		592A58CC20076849002FDBDF /* FSMainTableViewController.swift */ = {isa = PBXFileReference; lastKnownFileType = sourcecode.swift; path = FSMainTableViewController.swift; sourceTree = "<group>"; };
		592A58CD20076849002FDBDF /* FSMainTableViewController.xib */ = {isa = PBXFileReference; lastKnownFileType = file.xib; path = FSMainTableViewController.xib; sourceTree = "<group>"; };
		5958731C20061AE700BE169E /* Subjects.playground */ = {isa = PBXFileReference; lastKnownFileType = file.playground; path = Subjects.playground; sourceTree = "<group>"; xcLanguageSpecificationIdentifier = xcode.lang.swift; };
		597981DE1FFCCB4600848A49 /* RxSwift-Playground.app */ = {isa = PBXFileReference; explicitFileType = wrapper.application; includeInIndex = 0; path = "RxSwift-Playground.app"; sourceTree = BUILT_PRODUCTS_DIR; };
		597981E11FFCCB4600848A49 /* AppDelegate.swift */ = {isa = PBXFileReference; lastKnownFileType = sourcecode.swift; path = AppDelegate.swift; sourceTree = "<group>"; };
		597981E81FFCCB4600848A49 /* Assets.xcassets */ = {isa = PBXFileReference; lastKnownFileType = folder.assetcatalog; path = Assets.xcassets; sourceTree = "<group>"; };
		597981EB1FFCCB4600848A49 /* Base */ = {isa = PBXFileReference; lastKnownFileType = file.storyboard; name = Base; path = Base.lproj/LaunchScreen.storyboard; sourceTree = "<group>"; };
		597981ED1FFCCB4600848A49 /* Info.plist */ = {isa = PBXFileReference; lastKnownFileType = text.plist.xml; path = Info.plist; sourceTree = "<group>"; };
		597981F21FFCCB4600848A49 /* RxSwift-PlaygroundTests.xctest */ = {isa = PBXFileReference; explicitFileType = wrapper.cfbundle; includeInIndex = 0; path = "RxSwift-PlaygroundTests.xctest"; sourceTree = BUILT_PRODUCTS_DIR; };
		597981F61FFCCB4600848A49 /* RxSwift_PlaygroundTests.swift */ = {isa = PBXFileReference; lastKnownFileType = sourcecode.swift; path = RxSwift_PlaygroundTests.swift; sourceTree = "<group>"; };
		597981F81FFCCB4600848A49 /* Info.plist */ = {isa = PBXFileReference; lastKnownFileType = text.plist.xml; path = Info.plist; sourceTree = "<group>"; };
		597981FD1FFCCB4600848A49 /* RxSwift-PlaygroundUITests.xctest */ = {isa = PBXFileReference; explicitFileType = wrapper.cfbundle; includeInIndex = 0; path = "RxSwift-PlaygroundUITests.xctest"; sourceTree = BUILT_PRODUCTS_DIR; };
		597982011FFCCB4600848A49 /* RxSwift_PlaygroundUITests.swift */ = {isa = PBXFileReference; lastKnownFileType = sourcecode.swift; path = RxSwift_PlaygroundUITests.swift; sourceTree = "<group>"; };
		597982031FFCCB4600848A49 /* Info.plist */ = {isa = PBXFileReference; lastKnownFileType = text.plist.xml; path = Info.plist; sourceTree = "<group>"; };
		5979820F1FFCCE9400848A49 /* FSUtils.swift */ = {isa = PBXFileReference; lastKnownFileType = sourcecode.swift; path = FSUtils.swift; sourceTree = "<group>"; };
		5979821D1FFCD35700848A49 /* Observables.playground */ = {isa = PBXFileReference; lastKnownFileType = file.playground; path = Observables.playground; sourceTree = "<group>"; xcLanguageSpecificationIdentifier = xcode.lang.swift; };
		81EE9A3852EEBA3759230AEE /* Pods-RxSwift-PlaygroundUITests.release.xcconfig */ = {isa = PBXFileReference; includeInIndex = 1; lastKnownFileType = text.xcconfig; name = "Pods-RxSwift-PlaygroundUITests.release.xcconfig"; path = "Pods/Target Support Files/Pods-RxSwift-PlaygroundUITests/Pods-RxSwift-PlaygroundUITests.release.xcconfig"; sourceTree = "<group>"; };
		B1B85DC33B0E4DD80F020FDE /* Pods_RxSwift_Playground.framework */ = {isa = PBXFileReference; explicitFileType = wrapper.framework; includeInIndex = 0; path = Pods_RxSwift_Playground.framework; sourceTree = BUILT_PRODUCTS_DIR; };
		B3948D5F632A55C9E71203D6 /* Pods-RxSwift-PlaygroundUITests.debug.xcconfig */ = {isa = PBXFileReference; includeInIndex = 1; lastKnownFileType = text.xcconfig; name = "Pods-RxSwift-PlaygroundUITests.debug.xcconfig"; path = "Pods/Target Support Files/Pods-RxSwift-PlaygroundUITests/Pods-RxSwift-PlaygroundUITests.debug.xcconfig"; sourceTree = "<group>"; };
		BF142954BE733C2C30350F99 /* Pods-RxSwift-Playground.debug.xcconfig */ = {isa = PBXFileReference; includeInIndex = 1; lastKnownFileType = text.xcconfig; name = "Pods-RxSwift-Playground.debug.xcconfig"; path = "Pods/Target Support Files/Pods-RxSwift-Playground/Pods-RxSwift-Playground.debug.xcconfig"; sourceTree = "<group>"; };
		DB1FC53046E894CE7F08354E /* Pods_RxSwift_PlaygroundUITests.framework */ = {isa = PBXFileReference; explicitFileType = wrapper.framework; includeInIndex = 0; path = Pods_RxSwift_PlaygroundUITests.framework; sourceTree = BUILT_PRODUCTS_DIR; };
		E06C3EA9923636EB3191B4FC /* Pods_RxSwift_PlaygroundTests.framework */ = {isa = PBXFileReference; explicitFileType = wrapper.framework; includeInIndex = 0; path = Pods_RxSwift_PlaygroundTests.framework; sourceTree = BUILT_PRODUCTS_DIR; };
		E1110FFDDE519A6177737071 /* Pods-RxSwift-PlaygroundTests.debug.xcconfig */ = {isa = PBXFileReference; includeInIndex = 1; lastKnownFileType = text.xcconfig; name = "Pods-RxSwift-PlaygroundTests.debug.xcconfig"; path = "Pods/Target Support Files/Pods-RxSwift-PlaygroundTests/Pods-RxSwift-PlaygroundTests.debug.xcconfig"; sourceTree = "<group>"; };
		E286E2566AA42D7D51DF8F1B /* Pods-RxSwift-Playground.release.xcconfig */ = {isa = PBXFileReference; includeInIndex = 1; lastKnownFileType = text.xcconfig; name = "Pods-RxSwift-Playground.release.xcconfig"; path = "Pods/Target Support Files/Pods-RxSwift-Playground/Pods-RxSwift-Playground.release.xcconfig"; sourceTree = "<group>"; };
/* End PBXFileReference section */

/* Begin PBXFrameworksBuildPhase section */
		597981DB1FFCCB4600848A49 /* Frameworks */ = {
			isa = PBXFrameworksBuildPhase;
			buildActionMask = 2147483647;
			files = (
				F5C5DE6E69667BE6E6497BA5 /* Pods_RxSwift_Playground.framework in Frameworks */,
			);
			runOnlyForDeploymentPostprocessing = 0;
		};
		597981EF1FFCCB4600848A49 /* Frameworks */ = {
			isa = PBXFrameworksBuildPhase;
			buildActionMask = 2147483647;
			files = (
				5BB0977258B68DC8BE009BAD /* Pods_RxSwift_PlaygroundTests.framework in Frameworks */,
			);
			runOnlyForDeploymentPostprocessing = 0;
		};
		597981FA1FFCCB4600848A49 /* Frameworks */ = {
			isa = PBXFrameworksBuildPhase;
			buildActionMask = 2147483647;
			files = (
				689CCBBED3AE2306512A005D /* Pods_RxSwift_PlaygroundUITests.framework in Frameworks */,
			);
			runOnlyForDeploymentPostprocessing = 0;
		};
/* End PBXFrameworksBuildPhase section */

/* Begin PBXGroup section */
		0C8A8D4C9A91D2E83DC6E745 /* Frameworks */ = {
			isa = PBXGroup;
			children = (
				B1B85DC33B0E4DD80F020FDE /* Pods_RxSwift_Playground.framework */,
				E06C3EA9923636EB3191B4FC /* Pods_RxSwift_PlaygroundTests.framework */,
				DB1FC53046E894CE7F08354E /* Pods_RxSwift_PlaygroundUITests.framework */,
			);
			name = Frameworks;
			sourceTree = "<group>";
		};
		4692B0F36FE05BBD5EF0C054 /* Pods */ = {
			isa = PBXGroup;
			children = (
				BF142954BE733C2C30350F99 /* Pods-RxSwift-Playground.debug.xcconfig */,
				E286E2566AA42D7D51DF8F1B /* Pods-RxSwift-Playground.release.xcconfig */,
				E1110FFDDE519A6177737071 /* Pods-RxSwift-PlaygroundTests.debug.xcconfig */,
				49F80D963CB9FCB09560732B /* Pods-RxSwift-PlaygroundTests.release.xcconfig */,
				B3948D5F632A55C9E71203D6 /* Pods-RxSwift-PlaygroundUITests.debug.xcconfig */,
				81EE9A3852EEBA3759230AEE /* Pods-RxSwift-PlaygroundUITests.release.xcconfig */,
			);
			name = Pods;
			sourceTree = "<group>";
		};
		597981D51FFCCB4600848A49 = {
			isa = PBXGroup;
			children = (
				597981E01FFCCB4600848A49 /* RxSwift-Playground */,
				597981F51FFCCB4600848A49 /* RxSwift-PlaygroundTests */,
				597982001FFCCB4600848A49 /* RxSwift-PlaygroundUITests */,
				597981DF1FFCCB4600848A49 /* Products */,
				4692B0F36FE05BBD5EF0C054 /* Pods */,
				0C8A8D4C9A91D2E83DC6E745 /* Frameworks */,
			);
			sourceTree = "<group>";
		};
		597981DF1FFCCB4600848A49 /* Products */ = {
			isa = PBXGroup;
			children = (
				597981DE1FFCCB4600848A49 /* RxSwift-Playground.app */,
				597981F21FFCCB4600848A49 /* RxSwift-PlaygroundTests.xctest */,
				597981FD1FFCCB4600848A49 /* RxSwift-PlaygroundUITests.xctest */,
			);
			name = Products;
			sourceTree = "<group>";
		};
		597981E01FFCCB4600848A49 /* RxSwift-Playground */ = {
			isa = PBXGroup;
			children = (
				5979821C1FFCD30300848A49 /* Playgrounds */,
				597982111FFCCF5500848A49 /* Model */,
				597982121FFCCF5500848A49 /* ModelView */,
				597982131FFCCF5600848A49 /* View */,
				597981E11FFCCB4600848A49 /* AppDelegate.swift */,
				597981E81FFCCB4600848A49 /* Assets.xcassets */,
				597981EA1FFCCB4600848A49 /* LaunchScreen.storyboard */,
				597981ED1FFCCB4600848A49 /* Info.plist */,
				5979820F1FFCCE9400848A49 /* FSUtils.swift */,
			);
			path = "RxSwift-Playground";
			sourceTree = "<group>";
		};
		597981F51FFCCB4600848A49 /* RxSwift-PlaygroundTests */ = {
			isa = PBXGroup;
			children = (
				597981F61FFCCB4600848A49 /* RxSwift_PlaygroundTests.swift */,
				597981F81FFCCB4600848A49 /* Info.plist */,
			);
			path = "RxSwift-PlaygroundTests";
			sourceTree = "<group>";
		};
		597982001FFCCB4600848A49 /* RxSwift-PlaygroundUITests */ = {
			isa = PBXGroup;
			children = (
				597982011FFCCB4600848A49 /* RxSwift_PlaygroundUITests.swift */,
				597982031FFCCB4600848A49 /* Info.plist */,
			);
			path = "RxSwift-PlaygroundUITests";
			sourceTree = "<group>";
		};
		597982111FFCCF5500848A49 /* Model */ = {
			isa = PBXGroup;
			children = (
			);
			path = Model;
			sourceTree = "<group>";
		};
		597982121FFCCF5500848A49 /* ModelView */ = {
			isa = PBXGroup;
			children = (
			);
			path = ModelView;
			sourceTree = "<group>";
		};
		597982131FFCCF5600848A49 /* View */ = {
			isa = PBXGroup;
			children = (
				592A58C8200766A8002FDBDF /* ObservablesAndSubjectsViewController.swift */,
				592A58C9200766A8002FDBDF /* ObservablesAndSubjectsViewController.xib */,
				592A58CC20076849002FDBDF /* FSMainTableViewController.swift */,
				592A58CD20076849002FDBDF /* FSMainTableViewController.xib */,
			);
			path = View;
			sourceTree = "<group>";
		};
		5979821C1FFCD30300848A49 /* Playgrounds */ = {
			isa = PBXGroup;
			children = (
				5958731C20061AE700BE169E /* Subjects.playground */,
				5979821D1FFCD35700848A49 /* Observables.playground */,
			);
			path = Playgrounds;
			sourceTree = SOURCE_ROOT;
		};
/* End PBXGroup section */

/* Begin PBXNativeTarget section */
		597981DD1FFCCB4600848A49 /* RxSwift-Playground */ = {
			isa = PBXNativeTarget;
			buildConfigurationList = 597982061FFCCB4600848A49 /* Build configuration list for PBXNativeTarget "RxSwift-Playground" */;
			buildPhases = (
				840798697B53C0C84955D2DD /* [CP] Check Pods Manifest.lock */,
				597981DA1FFCCB4600848A49 /* Sources */,
				597981DB1FFCCB4600848A49 /* Frameworks */,
				597981DC1FFCCB4600848A49 /* Resources */,
				61F69EEE4FB21B578125303D /* [CP] Embed Pods Frameworks */,
				59ACDD4BE09AC6ED9778DDE4 /* [CP] Copy Pods Resources */,
			);
			buildRules = (
			);
			dependencies = (
			);
			name = "RxSwift-Playground";
			productName = "RxSwift-Playground";
			productReference = 597981DE1FFCCB4600848A49 /* RxSwift-Playground.app */;
			productType = "com.apple.product-type.application";
		};
		597981F11FFCCB4600848A49 /* RxSwift-PlaygroundTests */ = {
			isa = PBXNativeTarget;
			buildConfigurationList = 597982091FFCCB4600848A49 /* Build configuration list for PBXNativeTarget "RxSwift-PlaygroundTests" */;
			buildPhases = (
				4762A33FD8F9359D72C689B5 /* [CP] Check Pods Manifest.lock */,
				597981EE1FFCCB4600848A49 /* Sources */,
				597981EF1FFCCB4600848A49 /* Frameworks */,
				597981F01FFCCB4600848A49 /* Resources */,
				9ED93A7A093F42162727ACE2 /* [CP] Embed Pods Frameworks */,
				19D0DB64CF91E3BCB0EB57BA /* [CP] Copy Pods Resources */,
			);
			buildRules = (
			);
			dependencies = (
				597981F41FFCCB4600848A49 /* PBXTargetDependency */,
			);
			name = "RxSwift-PlaygroundTests";
			productName = "RxSwift-PlaygroundTests";
			productReference = 597981F21FFCCB4600848A49 /* RxSwift-PlaygroundTests.xctest */;
			productType = "com.apple.product-type.bundle.unit-test";
		};
		597981FC1FFCCB4600848A49 /* RxSwift-PlaygroundUITests */ = {
			isa = PBXNativeTarget;
			buildConfigurationList = 5979820C1FFCCB4600848A49 /* Build configuration list for PBXNativeTarget "RxSwift-PlaygroundUITests" */;
			buildPhases = (
				2066EC4EDB51A81563D40100 /* [CP] Check Pods Manifest.lock */,
				597981F91FFCCB4600848A49 /* Sources */,
				597981FA1FFCCB4600848A49 /* Frameworks */,
				597981FB1FFCCB4600848A49 /* Resources */,
				D25E71476B8697F582A28935 /* [CP] Embed Pods Frameworks */,
				963A84C02D8D0BFEB52C0112 /* [CP] Copy Pods Resources */,
			);
			buildRules = (
			);
			dependencies = (
				597981FF1FFCCB4600848A49 /* PBXTargetDependency */,
			);
			name = "RxSwift-PlaygroundUITests";
			productName = "RxSwift-PlaygroundUITests";
			productReference = 597981FD1FFCCB4600848A49 /* RxSwift-PlaygroundUITests.xctest */;
			productType = "com.apple.product-type.bundle.ui-testing";
		};
/* End PBXNativeTarget section */

/* Begin PBXProject section */
		597981D61FFCCB4600848A49 /* Project object */ = {
			isa = PBXProject;
			attributes = {
				LastSwiftUpdateCheck = 0920;
				LastUpgradeCheck = 0920;
				ORGANIZATIONNAME = "Nathan Furman";
				TargetAttributes = {
					597981DD1FFCCB4600848A49 = {
						CreatedOnToolsVersion = 9.2;
						ProvisioningStyle = Automatic;
					};
					597981F11FFCCB4600848A49 = {
						CreatedOnToolsVersion = 9.2;
						ProvisioningStyle = Automatic;
						TestTargetID = 597981DD1FFCCB4600848A49;
					};
					597981FC1FFCCB4600848A49 = {
						CreatedOnToolsVersion = 9.2;
						ProvisioningStyle = Automatic;
						TestTargetID = 597981DD1FFCCB4600848A49;
					};
				};
			};
			buildConfigurationList = 597981D91FFCCB4600848A49 /* Build configuration list for PBXProject "RxSwift-Playground" */;
			compatibilityVersion = "Xcode 8.0";
			developmentRegion = en;
			hasScannedForEncodings = 0;
			knownRegions = (
				en,
				Base,
			);
			mainGroup = 597981D51FFCCB4600848A49;
			productRefGroup = 597981DF1FFCCB4600848A49 /* Products */;
			projectDirPath = "";
			projectRoot = "";
			targets = (
				597981DD1FFCCB4600848A49 /* RxSwift-Playground */,
				597981F11FFCCB4600848A49 /* RxSwift-PlaygroundTests */,
				597981FC1FFCCB4600848A49 /* RxSwift-PlaygroundUITests */,
			);
		};
/* End PBXProject section */

/* Begin PBXResourcesBuildPhase section */
		597981DC1FFCCB4600848A49 /* Resources */ = {
			isa = PBXResourcesBuildPhase;
			buildActionMask = 2147483647;
			files = (
				597981EC1FFCCB4600848A49 /* LaunchScreen.storyboard in Resources */,
				592A58CB200766A8002FDBDF /* ObservablesAndSubjectsViewController.xib in Resources */,
				597981E91FFCCB4600848A49 /* Assets.xcassets in Resources */,
				592A58CF20076849002FDBDF /* FSMainTableViewController.xib in Resources */,
			);
			runOnlyForDeploymentPostprocessing = 0;
		};
		597981F01FFCCB4600848A49 /* Resources */ = {
			isa = PBXResourcesBuildPhase;
			buildActionMask = 2147483647;
			files = (
			);
			runOnlyForDeploymentPostprocessing = 0;
		};
		597981FB1FFCCB4600848A49 /* Resources */ = {
			isa = PBXResourcesBuildPhase;
			buildActionMask = 2147483647;
			files = (
			);
			runOnlyForDeploymentPostprocessing = 0;
		};
/* End PBXResourcesBuildPhase section */

/* Begin PBXShellScriptBuildPhase section */
		19D0DB64CF91E3BCB0EB57BA /* [CP] Copy Pods Resources */ = {
			isa = PBXShellScriptBuildPhase;
			buildActionMask = 2147483647;
			files = (
			);
			inputPaths = (
			);
			name = "[CP] Copy Pods Resources";
			outputPaths = (
			);
			runOnlyForDeploymentPostprocessing = 0;
			shellPath = /bin/sh;
			shellScript = "\"${SRCROOT}/Pods/Target Support Files/Pods-RxSwift-PlaygroundTests/Pods-RxSwift-PlaygroundTests-resources.sh\"\n";
			showEnvVarsInLog = 0;
		};
		2066EC4EDB51A81563D40100 /* [CP] Check Pods Manifest.lock */ = {
			isa = PBXShellScriptBuildPhase;
			buildActionMask = 2147483647;
			files = (
			);
			inputPaths = (
				"${PODS_PODFILE_DIR_PATH}/Podfile.lock",
				"${PODS_ROOT}/Manifest.lock",
			);
			name = "[CP] Check Pods Manifest.lock";
			outputPaths = (
				"$(DERIVED_FILE_DIR)/Pods-RxSwift-PlaygroundUITests-checkManifestLockResult.txt",
			);
			runOnlyForDeploymentPostprocessing = 0;
			shellPath = /bin/sh;
			shellScript = "diff \"${PODS_PODFILE_DIR_PATH}/Podfile.lock\" \"${PODS_ROOT}/Manifest.lock\" > /dev/null\nif [ $? != 0 ] ; then\n    # print error to STDERR\n    echo \"error: The sandbox is not in sync with the Podfile.lock. Run 'pod install' or update your CocoaPods installation.\" >&2\n    exit 1\nfi\n# This output is used by Xcode 'outputs' to avoid re-running this script phase.\necho \"SUCCESS\" > \"${SCRIPT_OUTPUT_FILE_0}\"\n";
			showEnvVarsInLog = 0;
		};
		4762A33FD8F9359D72C689B5 /* [CP] Check Pods Manifest.lock */ = {
			isa = PBXShellScriptBuildPhase;
			buildActionMask = 2147483647;
			files = (
			);
			inputPaths = (
				"${PODS_PODFILE_DIR_PATH}/Podfile.lock",
				"${PODS_ROOT}/Manifest.lock",
			);
			name = "[CP] Check Pods Manifest.lock";
			outputPaths = (
				"$(DERIVED_FILE_DIR)/Pods-RxSwift-PlaygroundTests-checkManifestLockResult.txt",
			);
			runOnlyForDeploymentPostprocessing = 0;
			shellPath = /bin/sh;
			shellScript = "diff \"${PODS_PODFILE_DIR_PATH}/Podfile.lock\" \"${PODS_ROOT}/Manifest.lock\" > /dev/null\nif [ $? != 0 ] ; then\n    # print error to STDERR\n    echo \"error: The sandbox is not in sync with the Podfile.lock. Run 'pod install' or update your CocoaPods installation.\" >&2\n    exit 1\nfi\n# This output is used by Xcode 'outputs' to avoid re-running this script phase.\necho \"SUCCESS\" > \"${SCRIPT_OUTPUT_FILE_0}\"\n";
			showEnvVarsInLog = 0;
		};
		59ACDD4BE09AC6ED9778DDE4 /* [CP] Copy Pods Resources */ = {
			isa = PBXShellScriptBuildPhase;
			buildActionMask = 2147483647;
			files = (
			);
			inputPaths = (
			);
			name = "[CP] Copy Pods Resources";
			outputPaths = (
			);
			runOnlyForDeploymentPostprocessing = 0;
			shellPath = /bin/sh;
			shellScript = "\"${SRCROOT}/Pods/Target Support Files/Pods-RxSwift-Playground/Pods-RxSwift-Playground-resources.sh\"\n";
			showEnvVarsInLog = 0;
		};
		61F69EEE4FB21B578125303D /* [CP] Embed Pods Frameworks */ = {
			isa = PBXShellScriptBuildPhase;
			buildActionMask = 2147483647;
			files = (
			);
			inputPaths = (
				"${SRCROOT}/Pods/Target Support Files/Pods-RxSwift-Playground/Pods-RxSwift-Playground-frameworks.sh",
				"${BUILT_PRODUCTS_DIR}/RxCocoa/RxCocoa.framework",
				"${BUILT_PRODUCTS_DIR}/RxSwift/RxSwift.framework",
			);
			name = "[CP] Embed Pods Frameworks";
			outputPaths = (
				"${TARGET_BUILD_DIR}/${FRAMEWORKS_FOLDER_PATH}/RxCocoa.framework",
				"${TARGET_BUILD_DIR}/${FRAMEWORKS_FOLDER_PATH}/RxSwift.framework",
			);
			runOnlyForDeploymentPostprocessing = 0;
			shellPath = /bin/sh;
			shellScript = "\"${SRCROOT}/Pods/Target Support Files/Pods-RxSwift-Playground/Pods-RxSwift-Playground-frameworks.sh\"\n";
			showEnvVarsInLog = 0;
		};
		840798697B53C0C84955D2DD /* [CP] Check Pods Manifest.lock */ = {
			isa = PBXShellScriptBuildPhase;
			buildActionMask = 2147483647;
			files = (
			);
			inputPaths = (
				"${PODS_PODFILE_DIR_PATH}/Podfile.lock",
				"${PODS_ROOT}/Manifest.lock",
			);
			name = "[CP] Check Pods Manifest.lock";
			outputPaths = (
				"$(DERIVED_FILE_DIR)/Pods-RxSwift-Playground-checkManifestLockResult.txt",
			);
			runOnlyForDeploymentPostprocessing = 0;
			shellPath = /bin/sh;
			shellScript = "diff \"${PODS_PODFILE_DIR_PATH}/Podfile.lock\" \"${PODS_ROOT}/Manifest.lock\" > /dev/null\nif [ $? != 0 ] ; then\n    # print error to STDERR\n    echo \"error: The sandbox is not in sync with the Podfile.lock. Run 'pod install' or update your CocoaPods installation.\" >&2\n    exit 1\nfi\n# This output is used by Xcode 'outputs' to avoid re-running this script phase.\necho \"SUCCESS\" > \"${SCRIPT_OUTPUT_FILE_0}\"\n";
			showEnvVarsInLog = 0;
		};
		963A84C02D8D0BFEB52C0112 /* [CP] Copy Pods Resources */ = {
			isa = PBXShellScriptBuildPhase;
			buildActionMask = 2147483647;
			files = (
			);
			inputPaths = (
			);
			name = "[CP] Copy Pods Resources";
			outputPaths = (
			);
			runOnlyForDeploymentPostprocessing = 0;
			shellPath = /bin/sh;
			shellScript = "\"${SRCROOT}/Pods/Target Support Files/Pods-RxSwift-PlaygroundUITests/Pods-RxSwift-PlaygroundUITests-resources.sh\"\n";
			showEnvVarsInLog = 0;
		};
		9ED93A7A093F42162727ACE2 /* [CP] Embed Pods Frameworks */ = {
			isa = PBXShellScriptBuildPhase;
			buildActionMask = 2147483647;
			files = (
			);
			inputPaths = (
			);
			name = "[CP] Embed Pods Frameworks";
			outputPaths = (
			);
			runOnlyForDeploymentPostprocessing = 0;
			shellPath = /bin/sh;
			shellScript = "\"${SRCROOT}/Pods/Target Support Files/Pods-RxSwift-PlaygroundTests/Pods-RxSwift-PlaygroundTests-frameworks.sh\"\n";
			showEnvVarsInLog = 0;
		};
		D25E71476B8697F582A28935 /* [CP] Embed Pods Frameworks */ = {
			isa = PBXShellScriptBuildPhase;
			buildActionMask = 2147483647;
			files = (
			);
			inputPaths = (
			);
			name = "[CP] Embed Pods Frameworks";
			outputPaths = (
			);
			runOnlyForDeploymentPostprocessing = 0;
			shellPath = /bin/sh;
			shellScript = "\"${SRCROOT}/Pods/Target Support Files/Pods-RxSwift-PlaygroundUITests/Pods-RxSwift-PlaygroundUITests-frameworks.sh\"\n";
			showEnvVarsInLog = 0;
		};
/* End PBXShellScriptBuildPhase section */

/* Begin PBXSourcesBuildPhase section */
		597981DA1FFCCB4600848A49 /* Sources */ = {
			isa = PBXSourcesBuildPhase;
			buildActionMask = 2147483647;
			files = (
				597982101FFCCE9400848A49 /* FSUtils.swift in Sources */,
				592A58CA200766A8002FDBDF /* ObservablesAndSubjectsViewController.swift in Sources */,
				597981E21FFCCB4600848A49 /* AppDelegate.swift in Sources */,
				592A58CE20076849002FDBDF /* FSMainTableViewController.swift in Sources */,
			);
			runOnlyForDeploymentPostprocessing = 0;
		};
		597981EE1FFCCB4600848A49 /* Sources */ = {
			isa = PBXSourcesBuildPhase;
			buildActionMask = 2147483647;
			files = (
				597981F71FFCCB4600848A49 /* RxSwift_PlaygroundTests.swift in Sources */,
			);
			runOnlyForDeploymentPostprocessing = 0;
		};
		597981F91FFCCB4600848A49 /* Sources */ = {
			isa = PBXSourcesBuildPhase;
			buildActionMask = 2147483647;
			files = (
				597982021FFCCB4600848A49 /* RxSwift_PlaygroundUITests.swift in Sources */,
			);
			runOnlyForDeploymentPostprocessing = 0;
		};
/* End PBXSourcesBuildPhase section */

/* Begin PBXTargetDependency section */
		597981F41FFCCB4600848A49 /* PBXTargetDependency */ = {
			isa = PBXTargetDependency;
			target = 597981DD1FFCCB4600848A49 /* RxSwift-Playground */;
			targetProxy = 597981F31FFCCB4600848A49 /* PBXContainerItemProxy */;
		};
		597981FF1FFCCB4600848A49 /* PBXTargetDependency */ = {
			isa = PBXTargetDependency;
			target = 597981DD1FFCCB4600848A49 /* RxSwift-Playground */;
			targetProxy = 597981FE1FFCCB4600848A49 /* PBXContainerItemProxy */;
		};
/* End PBXTargetDependency section */

/* Begin PBXVariantGroup section */
		597981EA1FFCCB4600848A49 /* LaunchScreen.storyboard */ = {
			isa = PBXVariantGroup;
			children = (
				597981EB1FFCCB4600848A49 /* Base */,
			);
			name = LaunchScreen.storyboard;
			sourceTree = "<group>";
		};
/* End PBXVariantGroup section */

/* Begin XCBuildConfiguration section */
		597982041FFCCB4600848A49 /* Debug */ = {
			isa = XCBuildConfiguration;
			buildSettings = {
				ALWAYS_SEARCH_USER_PATHS = NO;
				CLANG_ANALYZER_NONNULL = YES;
				CLANG_ANALYZER_NUMBER_OBJECT_CONVERSION = YES_AGGRESSIVE;
				CLANG_CXX_LANGUAGE_STANDARD = "gnu++14";
				CLANG_CXX_LIBRARY = "libc++";
				CLANG_ENABLE_MODULES = YES;
				CLANG_ENABLE_OBJC_ARC = YES;
				CLANG_WARN_BLOCK_CAPTURE_AUTORELEASING = YES;
				CLANG_WARN_BOOL_CONVERSION = YES;
				CLANG_WARN_COMMA = YES;
				CLANG_WARN_CONSTANT_CONVERSION = YES;
				CLANG_WARN_DIRECT_OBJC_ISA_USAGE = YES_ERROR;
				CLANG_WARN_DOCUMENTATION_COMMENTS = YES;
				CLANG_WARN_EMPTY_BODY = YES;
				CLANG_WARN_ENUM_CONVERSION = YES;
				CLANG_WARN_INFINITE_RECURSION = YES;
				CLANG_WARN_INT_CONVERSION = YES;
				CLANG_WARN_NON_LITERAL_NULL_CONVERSION = YES;
				CLANG_WARN_OBJC_LITERAL_CONVERSION = YES;
				CLANG_WARN_OBJC_ROOT_CLASS = YES_ERROR;
				CLANG_WARN_RANGE_LOOP_ANALYSIS = YES;
				CLANG_WARN_STRICT_PROTOTYPES = YES;
				CLANG_WARN_SUSPICIOUS_MOVE = YES;
				CLANG_WARN_UNGUARDED_AVAILABILITY = YES_AGGRESSIVE;
				CLANG_WARN_UNREACHABLE_CODE = YES;
				CLANG_WARN__DUPLICATE_METHOD_MATCH = YES;
				CODE_SIGN_IDENTITY = "iPhone Developer";
				COPY_PHASE_STRIP = NO;
				DEBUG_INFORMATION_FORMAT = dwarf;
				ENABLE_STRICT_OBJC_MSGSEND = YES;
				ENABLE_TESTABILITY = YES;
				GCC_C_LANGUAGE_STANDARD = gnu11;
				GCC_DYNAMIC_NO_PIC = NO;
				GCC_NO_COMMON_BLOCKS = YES;
				GCC_OPTIMIZATION_LEVEL = 0;
				GCC_PREPROCESSOR_DEFINITIONS = (
					"DEBUG=1",
					"$(inherited)",
				);
				GCC_WARN_64_TO_32_BIT_CONVERSION = YES;
				GCC_WARN_ABOUT_RETURN_TYPE = YES_ERROR;
				GCC_WARN_UNDECLARED_SELECTOR = YES;
				GCC_WARN_UNINITIALIZED_AUTOS = YES_AGGRESSIVE;
				GCC_WARN_UNUSED_FUNCTION = YES;
				GCC_WARN_UNUSED_VARIABLE = YES;
				IPHONEOS_DEPLOYMENT_TARGET = 11.2;
				MTL_ENABLE_DEBUG_INFO = YES;
				ONLY_ACTIVE_ARCH = YES;
				SDKROOT = iphoneos;
				SWIFT_ACTIVE_COMPILATION_CONDITIONS = DEBUG;
				SWIFT_OPTIMIZATION_LEVEL = "-Onone";
			};
			name = Debug;
		};
		597982051FFCCB4600848A49 /* Release */ = {
			isa = XCBuildConfiguration;
			buildSettings = {
				ALWAYS_SEARCH_USER_PATHS = NO;
				CLANG_ANALYZER_NONNULL = YES;
				CLANG_ANALYZER_NUMBER_OBJECT_CONVERSION = YES_AGGRESSIVE;
				CLANG_CXX_LANGUAGE_STANDARD = "gnu++14";
				CLANG_CXX_LIBRARY = "libc++";
				CLANG_ENABLE_MODULES = YES;
				CLANG_ENABLE_OBJC_ARC = YES;
				CLANG_WARN_BLOCK_CAPTURE_AUTORELEASING = YES;
				CLANG_WARN_BOOL_CONVERSION = YES;
				CLANG_WARN_COMMA = YES;
				CLANG_WARN_CONSTANT_CONVERSION = YES;
				CLANG_WARN_DIRECT_OBJC_ISA_USAGE = YES_ERROR;
				CLANG_WARN_DOCUMENTATION_COMMENTS = YES;
				CLANG_WARN_EMPTY_BODY = YES;
				CLANG_WARN_ENUM_CONVERSION = YES;
				CLANG_WARN_INFINITE_RECURSION = YES;
				CLANG_WARN_INT_CONVERSION = YES;
				CLANG_WARN_NON_LITERAL_NULL_CONVERSION = YES;
				CLANG_WARN_OBJC_LITERAL_CONVERSION = YES;
				CLANG_WARN_OBJC_ROOT_CLASS = YES_ERROR;
				CLANG_WARN_RANGE_LOOP_ANALYSIS = YES;
				CLANG_WARN_STRICT_PROTOTYPES = YES;
				CLANG_WARN_SUSPICIOUS_MOVE = YES;
				CLANG_WARN_UNGUARDED_AVAILABILITY = YES_AGGRESSIVE;
				CLANG_WARN_UNREACHABLE_CODE = YES;
				CLANG_WARN__DUPLICATE_METHOD_MATCH = YES;
				CODE_SIGN_IDENTITY = "iPhone Developer";
				COPY_PHASE_STRIP = NO;
				DEBUG_INFORMATION_FORMAT = "dwarf-with-dsym";
				ENABLE_NS_ASSERTIONS = NO;
				ENABLE_STRICT_OBJC_MSGSEND = YES;
				GCC_C_LANGUAGE_STANDARD = gnu11;
				GCC_NO_COMMON_BLOCKS = YES;
				GCC_WARN_64_TO_32_BIT_CONVERSION = YES;
				GCC_WARN_ABOUT_RETURN_TYPE = YES_ERROR;
				GCC_WARN_UNDECLARED_SELECTOR = YES;
				GCC_WARN_UNINITIALIZED_AUTOS = YES_AGGRESSIVE;
				GCC_WARN_UNUSED_FUNCTION = YES;
				GCC_WARN_UNUSED_VARIABLE = YES;
				IPHONEOS_DEPLOYMENT_TARGET = 11.2;
				MTL_ENABLE_DEBUG_INFO = NO;
				SDKROOT = iphoneos;
				SWIFT_OPTIMIZATION_LEVEL = "-Owholemodule";
				VALIDATE_PRODUCT = YES;
			};
			name = Release;
		};
		597982071FFCCB4600848A49 /* Debug */ = {
			isa = XCBuildConfiguration;
			baseConfigurationReference = BF142954BE733C2C30350F99 /* Pods-RxSwift-Playground.debug.xcconfig */;
			buildSettings = {
				ASSETCATALOG_COMPILER_APPICON_NAME = AppIcon;
				CODE_SIGN_STYLE = Automatic;
				DEVELOPMENT_TEAM = 78NS763325;
				INFOPLIST_FILE = "RxSwift-Playground/Info.plist";
				IPHONEOS_DEPLOYMENT_TARGET = 11.0;
				LD_RUNPATH_SEARCH_PATHS = "$(inherited) @executable_path/Frameworks";
				PRODUCT_BUNDLE_IDENTIFIER = "FS.RxSwift-Playground";
				PRODUCT_NAME = "$(TARGET_NAME)";
				SWIFT_VERSION = 4.0;
				TARGETED_DEVICE_FAMILY = "1,2";
			};
			name = Debug;
		};
		597982081FFCCB4600848A49 /* Release */ = {
			isa = XCBuildConfiguration;
			baseConfigurationReference = E286E2566AA42D7D51DF8F1B /* Pods-RxSwift-Playground.release.xcconfig */;
			buildSettings = {
				ASSETCATALOG_COMPILER_APPICON_NAME = AppIcon;
				CODE_SIGN_STYLE = Automatic;
				DEVELOPMENT_TEAM = 78NS763325;
				INFOPLIST_FILE = "RxSwift-Playground/Info.plist";
				IPHONEOS_DEPLOYMENT_TARGET = 11.0;
				LD_RUNPATH_SEARCH_PATHS = "$(inherited) @executable_path/Frameworks";
				PRODUCT_BUNDLE_IDENTIFIER = "FS.RxSwift-Playground";
				PRODUCT_NAME = "$(TARGET_NAME)";
				SWIFT_VERSION = 4.0;
				TARGETED_DEVICE_FAMILY = "1,2";
			};
			name = Release;
		};
		5979820A1FFCCB4600848A49 /* Debug */ = {
			isa = XCBuildConfiguration;
			baseConfigurationReference = E1110FFDDE519A6177737071 /* Pods-RxSwift-PlaygroundTests.debug.xcconfig */;
			buildSettings = {
				ALWAYS_EMBED_SWIFT_STANDARD_LIBRARIES = YES;
				BUNDLE_LOADER = "$(TEST_HOST)";
				CODE_SIGN_STYLE = Automatic;
				DEVELOPMENT_TEAM = 78NS763325;
				INFOPLIST_FILE = "RxSwift-PlaygroundTests/Info.plist";
				LD_RUNPATH_SEARCH_PATHS = "$(inherited) @executable_path/Frameworks @loader_path/Frameworks";
				PRODUCT_BUNDLE_IDENTIFIER = "FS.RxSwift-PlaygroundTests";
				PRODUCT_NAME = "$(TARGET_NAME)";
				SWIFT_VERSION = 4.0;
				TARGETED_DEVICE_FAMILY = "1,2";
				TEST_HOST = "$(BUILT_PRODUCTS_DIR)/RxSwift-Playground.app/RxSwift-Playground";
			};
			name = Debug;
		};
		5979820B1FFCCB4600848A49 /* Release */ = {
			isa = XCBuildConfiguration;
			baseConfigurationReference = 49F80D963CB9FCB09560732B /* Pods-RxSwift-PlaygroundTests.release.xcconfig */;
			buildSettings = {
				ALWAYS_EMBED_SWIFT_STANDARD_LIBRARIES = YES;
				BUNDLE_LOADER = "$(TEST_HOST)";
				CODE_SIGN_STYLE = Automatic;
				DEVELOPMENT_TEAM = 78NS763325;
				INFOPLIST_FILE = "RxSwift-PlaygroundTests/Info.plist";
				LD_RUNPATH_SEARCH_PATHS = "$(inherited) @executable_path/Frameworks @loader_path/Frameworks";
				PRODUCT_BUNDLE_IDENTIFIER = "FS.RxSwift-PlaygroundTests";
				PRODUCT_NAME = "$(TARGET_NAME)";
				SWIFT_VERSION = 4.0;
				TARGETED_DEVICE_FAMILY = "1,2";
				TEST_HOST = "$(BUILT_PRODUCTS_DIR)/RxSwift-Playground.app/RxSwift-Playground";
			};
			name = Release;
		};
		5979820D1FFCCB4600848A49 /* Debug */ = {
			isa = XCBuildConfiguration;
			baseConfigurationReference = B3948D5F632A55C9E71203D6 /* Pods-RxSwift-PlaygroundUITests.debug.xcconfig */;
			buildSettings = {
				ALWAYS_EMBED_SWIFT_STANDARD_LIBRARIES = YES;
				CODE_SIGN_STYLE = Automatic;
				DEVELOPMENT_TEAM = 78NS763325;
				INFOPLIST_FILE = "RxSwift-PlaygroundUITests/Info.plist";
				LD_RUNPATH_SEARCH_PATHS = "$(inherited) @executable_path/Frameworks @loader_path/Frameworks";
				PRODUCT_BUNDLE_IDENTIFIER = "FS.RxSwift-PlaygroundUITests";
				PRODUCT_NAME = "$(TARGET_NAME)";
				SWIFT_VERSION = 4.0;
				TARGETED_DEVICE_FAMILY = "1,2";
				TEST_TARGET_NAME = "RxSwift-Playground";
			};
			name = Debug;
		};
		5979820E1FFCCB4600848A49 /* Release */ = {
			isa = XCBuildConfiguration;
			baseConfigurationReference = 81EE9A3852EEBA3759230AEE /* Pods-RxSwift-PlaygroundUITests.release.xcconfig */;
			buildSettings = {
				ALWAYS_EMBED_SWIFT_STANDARD_LIBRARIES = YES;
				CODE_SIGN_STYLE = Automatic;
				DEVELOPMENT_TEAM = 78NS763325;
				INFOPLIST_FILE = "RxSwift-PlaygroundUITests/Info.plist";
				LD_RUNPATH_SEARCH_PATHS = "$(inherited) @executable_path/Frameworks @loader_path/Frameworks";
				PRODUCT_BUNDLE_IDENTIFIER = "FS.RxSwift-PlaygroundUITests";
				PRODUCT_NAME = "$(TARGET_NAME)";
				SWIFT_VERSION = 4.0;
				TARGETED_DEVICE_FAMILY = "1,2";
				TEST_TARGET_NAME = "RxSwift-Playground";
			};
			name = Release;
		};
/* End XCBuildConfiguration section */

/* Begin XCConfigurationList section */
		597981D91FFCCB4600848A49 /* Build configuration list for PBXProject "RxSwift-Playground" */ = {
			isa = XCConfigurationList;
			buildConfigurations = (
				597982041FFCCB4600848A49 /* Debug */,
				597982051FFCCB4600848A49 /* Release */,
			);
			defaultConfigurationIsVisible = 0;
			defaultConfigurationName = Release;
		};
		597982061FFCCB4600848A49 /* Build configuration list for PBXNativeTarget "RxSwift-Playground" */ = {
			isa = XCConfigurationList;
			buildConfigurations = (
				597982071FFCCB4600848A49 /* Debug */,
				597982081FFCCB4600848A49 /* Release */,
			);
			defaultConfigurationIsVisible = 0;
			defaultConfigurationName = Release;
		};
		597982091FFCCB4600848A49 /* Build configuration list for PBXNativeTarget "RxSwift-PlaygroundTests" */ = {
			isa = XCConfigurationList;
			buildConfigurations = (
				5979820A1FFCCB4600848A49 /* Debug */,
				5979820B1FFCCB4600848A49 /* Release */,
			);
			defaultConfigurationIsVisible = 0;
			defaultConfigurationName = Release;
		};
		5979820C1FFCCB4600848A49 /* Build configuration list for PBXNativeTarget "RxSwift-PlaygroundUITests" */ = {
			isa = XCConfigurationList;
			buildConfigurations = (
				5979820D1FFCCB4600848A49 /* Debug */,
				5979820E1FFCCB4600848A49 /* Release */,
			);
			defaultConfigurationIsVisible = 0;
			defaultConfigurationName = Release;
		};
/* End XCConfigurationList section */
	};
	rootObject = 597981D61FFCCB4600848A49 /* Project object */;
}
